
Microsoft Visual Studio Solution File, Format Version 12.00
# Visual Studio Version 17
VisualStudioVersion = 17.7.34024.191
MinimumVisualStudioVersion = 10.0.40219.1
Project("{9A19103F-16F7-4668-BE54-9A1E7A4F7556}") = "Password_Safe", "Password_Safe\Password_Safe.csproj", "{E0368B34-021D-4AE9-B896-BCDDF4C79AA2}"
EndProject
Project("{9A19103F-16F7-4668-BE54-9A1E7A4F7556}") = "Core", "Core\Core.csproj", "{8C95EB04-92E6-4F0D-A122-DE0172326525}"
EndProject
Project("{9A19103F-16F7-4668-BE54-9A1E7A4F7556}") = "Repository", "Repository\Repository.csproj", "{9C0490D2-9D7D-453F-B045-FF8797A2A49C}"
EndProject
Project("{9A19103F-16F7-4668-BE54-9A1E7A4F7556}") = "Business", "Business\Business.csproj", "{55279884-56A0-46AA-B40D-A0EB6D260DED}"
EndProject
Project("{FAE04EC0-301F-11D3-BF4B-00C04F79EFBC}") = "WebUI", "WebUI\WebUI.csproj", "{77B82D14-35FB-4FD9-882F-9183F8CAE988}"
EndProject
Global
	GlobalSection(SolutionConfigurationPlatforms) = preSolution
		Debug|Any CPU = Debug|Any CPU
		Release|Any CPU = Release|Any CPU
	EndGlobalSection
	GlobalSection(ProjectConfigurationPlatforms) = postSolution
		{E0368B34-021D-4AE9-B896-BCDDF4C79AA2}.Debug|Any CPU.ActiveCfg = Debug|Any CPU
		{E0368B34-021D-4AE9-B896-BCDDF4C79AA2}.Debug|Any CPU.Build.0 = Debug|Any CPU
		{E0368B34-021D-4AE9-B896-BCDDF4C79AA2}.Release|Any CPU.ActiveCfg = Release|Any CPU
		{E0368B34-021D-4AE9-B896-BCDDF4C79AA2}.Release|Any CPU.Build.0 = Release|Any CPU
		{8C95EB04-92E6-4F0D-A122-DE0172326525}.Debug|Any CPU.ActiveCfg = Debug|Any CPU
		{8C95EB04-92E6-4F0D-A122-DE0172326525}.Debug|Any CPU.Build.0 = Debug|Any CPU
		{8C95EB04-92E6-4F0D-A122-DE0172326525}.Release|Any CPU.ActiveCfg = Release|Any CPU
		{8C95EB04-92E6-4F0D-A122-DE0172326525}.Release|Any CPU.Build.0 = Release|Any CPU
		{9C0490D2-9D7D-453F-B045-FF8797A2A49C}.Debug|Any CPU.ActiveCfg = Debug|Any CPU
		{9C0490D2-9D7D-453F-B045-FF8797A2A49C}.Debug|Any CPU.Build.0 = Debug|Any CPU
		{9C0490D2-9D7D-453F-B045-FF8797A2A49C}.Release|Any CPU.ActiveCfg = Release|Any CPU
		{9C0490D2-9D7D-453F-B045-FF8797A2A49C}.Release|Any CPU.Build.0 = Release|Any CPU
		{55279884-56A0-46AA-B40D-A0EB6D260DED}.Debug|Any CPU.ActiveCfg = Debug|Any CPU
		{55279884-56A0-46AA-B40D-A0EB6D260DED}.Debug|Any CPU.Build.0 = Debug|Any CPU
		{55279884-56A0-46AA-B40D-A0EB6D260DED}.Release|Any CPU.ActiveCfg = Release|Any CPU
		{55279884-56A0-46AA-B40D-A0EB6D260DED}.Release|Any CPU.Build.0 = Release|Any CPU
		{77B82D14-35FB-4FD9-882F-9183F8CAE988}.Debug|Any CPU.ActiveCfg = Debug|Any CPU
		{77B82D14-35FB-4FD9-882F-9183F8CAE988}.Debug|Any CPU.Build.0 = Debug|Any CPU
		{77B82D14-35FB-4FD9-882F-9183F8CAE988}.Release|Any CPU.ActiveCfg = Release|Any CPU
		{77B82D14-35FB-4FD9-882F-9183F8CAE988}.Release|Any CPU.Build.0 = Release|Any CPU
	EndGlobalSection
	GlobalSection(SolutionProperties) = preSolution
		HideSolutionNode = FALSE
	EndGlobalSection
	GlobalSection(ExtensibilityGlobals) = postSolution
		SolutionGuid = {C9A77254-8B18-4F3F-A819-8438CC7FE7E0}
	EndGlobalSection
EndGlobal
